// !$*UTF8*$!
{
	archiveVersion = 1;
	classes = {
	};
	objectVersion = 50;
	objects = {

/* Begin PBXBuildFile section */
		8D45063520B530AE00807F04 /* AppDelegate.swift in Sources */ = {isa = PBXBuildFile; fileRef = 8D45063420B530AE00807F04 /* AppDelegate.swift */; };
		8D45063C20B530AE00807F04 /* Main.storyboard in Resources */ = {isa = PBXBuildFile; fileRef = 8D45063A20B530AE00807F04 /* Main.storyboard */; };
		8D45064120B530AF00807F04 /* LaunchScreen.storyboard in Resources */ = {isa = PBXBuildFile; fileRef = 8D45063F20B530AF00807F04 /* LaunchScreen.storyboard */; };
		8D45064C20B530AF00807F04 /* ASP_SwiftTests.swift in Sources */ = {isa = PBXBuildFile; fileRef = 8D45064B20B530AF00807F04 /* ASP_SwiftTests.swift */; };
		8D45065720B530AF00807F04 /* ASP_SwiftUITests.swift in Sources */ = {isa = PBXBuildFile; fileRef = 8D45065620B530AF00807F04 /* ASP_SwiftUITests.swift */; };
		8D6D2BB520B54E6100E14485 /* ShouYeViewController.swift in Sources */ = {isa = PBXBuildFile; fileRef = 8D6D2BB420B54E6100E14485 /* ShouYeViewController.swift */; };
		8D6D2BB720B54E7700E14485 /* RenMaiQuanViewController.swift in Sources */ = {isa = PBXBuildFile; fileRef = 8D6D2BB620B54E7700E14485 /* RenMaiQuanViewController.swift */; };
		8D6D2BB920B54ED200E14485 /* JisShuaiDanViewController.swift in Sources */ = {isa = PBXBuildFile; fileRef = 8D6D2BB820B54ED200E14485 /* JisShuaiDanViewController.swift */; };
		8D6D2BBB20B54F1900E14485 /* MineViewController.swift in Sources */ = {isa = PBXBuildFile; fileRef = 8D6D2BBA20B54F1900E14485 /* MineViewController.swift */; };
		8D6D2BBD20B5507700E14485 /* Assets.xcassets in Resources */ = {isa = PBXBuildFile; fileRef = 8D6D2BBC20B5507700E14485 /* Assets.xcassets */; };
		8D6D2BC620B570F200E14485 /* MainTabBarController.swift in Sources */ = {isa = PBXBuildFile; fileRef = 8D6D2BC520B570F200E14485 /* MainTabBarController.swift */; };
		ED1D52FD92C61AE6B26F6CC0 /* Pods_ASP_Swift.framework in Frameworks */ = {isa = PBXBuildFile; fileRef = 105A4E496E804E1509FA74C4 /* Pods_ASP_Swift.framework */; };
/* End PBXBuildFile section */

/* Begin PBXContainerItemProxy section */
		8D45064820B530AF00807F04 /* PBXContainerItemProxy */ = {
			isa = PBXContainerItemProxy;
			containerPortal = 8D45062920B530AE00807F04 /* Project object */;
			proxyType = 1;
			remoteGlobalIDString = 8D45063020B530AE00807F04;
			remoteInfo = ASP_Swift;
		};
		8D45065320B530AF00807F04 /* PBXContainerItemProxy */ = {
			isa = PBXContainerItemProxy;
			containerPortal = 8D45062920B530AE00807F04 /* Project object */;
			proxyType = 1;
			remoteGlobalIDString = 8D45063020B530AE00807F04;
			remoteInfo = ASP_Swift;
		};
/* End PBXContainerItemProxy section */

/* Begin PBXFileReference section */
		105A4E496E804E1509FA74C4 /* Pods_ASP_Swift.framework */ = {isa = PBXFileReference; explicitFileType = wrapper.framework; includeInIndex = 0; path = Pods_ASP_Swift.framework; sourceTree = BUILT_PRODUCTS_DIR; };
		3F4C7EAF1FAB06C83F9B1A0C /* Pods-ASP_Swift.debug.xcconfig */ = {isa = PBXFileReference; includeInIndex = 1; lastKnownFileType = text.xcconfig; name = "Pods-ASP_Swift.debug.xcconfig"; path = "Pods/Target Support Files/Pods-ASP_Swift/Pods-ASP_Swift.debug.xcconfig"; sourceTree = "<group>"; };
		8D45063120B530AE00807F04 /* ASP_Swift.app */ = {isa = PBXFileReference; explicitFileType = wrapper.application; includeInIndex = 0; path = ASP_Swift.app; sourceTree = BUILT_PRODUCTS_DIR; };
		8D45063420B530AE00807F04 /* AppDelegate.swift */ = {isa = PBXFileReference; lastKnownFileType = sourcecode.swift; path = AppDelegate.swift; sourceTree = "<group>"; };
		8D45063B20B530AE00807F04 /* Base */ = {isa = PBXFileReference; lastKnownFileType = file.storyboard; name = Base; path = Base.lproj/Main.storyboard; sourceTree = "<group>"; };
		8D45064020B530AF00807F04 /* Base */ = {isa = PBXFileReference; lastKnownFileType = file.storyboard; name = Base; path = Base.lproj/LaunchScreen.storyboard; sourceTree = "<group>"; };
		8D45064220B530AF00807F04 /* Info.plist */ = {isa = PBXFileReference; lastKnownFileType = text.plist.xml; path = Info.plist; sourceTree = "<group>"; };
		8D45064720B530AF00807F04 /* ASP_SwiftTests.xctest */ = {isa = PBXFileReference; explicitFileType = wrapper.cfbundle; includeInIndex = 0; path = ASP_SwiftTests.xctest; sourceTree = BUILT_PRODUCTS_DIR; };
		8D45064B20B530AF00807F04 /* ASP_SwiftTests.swift */ = {isa = PBXFileReference; lastKnownFileType = sourcecode.swift; path = ASP_SwiftTests.swift; sourceTree = "<group>"; };
		8D45064D20B530AF00807F04 /* Info.plist */ = {isa = PBXFileReference; lastKnownFileType = text.plist.xml; path = Info.plist; sourceTree = "<group>"; };
		8D45065220B530AF00807F04 /* ASP_SwiftUITests.xctest */ = {isa = PBXFileReference; explicitFileType = wrapper.cfbundle; includeInIndex = 0; path = ASP_SwiftUITests.xctest; sourceTree = BUILT_PRODUCTS_DIR; };
		8D45065620B530AF00807F04 /* ASP_SwiftUITests.swift */ = {isa = PBXFileReference; lastKnownFileType = sourcecode.swift; path = ASP_SwiftUITests.swift; sourceTree = "<group>"; };
		8D45065820B530AF00807F04 /* Info.plist */ = {isa = PBXFileReference; lastKnownFileType = text.plist.xml; path = Info.plist; sourceTree = "<group>"; };
		8D6D2BB420B54E6100E14485 /* ShouYeViewController.swift */ = {isa = PBXFileReference; lastKnownFileType = sourcecode.swift; path = ShouYeViewController.swift; sourceTree = "<group>"; };
		8D6D2BB620B54E7700E14485 /* RenMaiQuanViewController.swift */ = {isa = PBXFileReference; lastKnownFileType = sourcecode.swift; path = RenMaiQuanViewController.swift; sourceTree = "<group>"; };
		8D6D2BB820B54ED200E14485 /* JisShuaiDanViewController.swift */ = {isa = PBXFileReference; lastKnownFileType = sourcecode.swift; path = JisShuaiDanViewController.swift; sourceTree = "<group>"; };
		8D6D2BBA20B54F1900E14485 /* MineViewController.swift */ = {isa = PBXFileReference; lastKnownFileType = sourcecode.swift; path = MineViewController.swift; sourceTree = "<group>"; };
		8D6D2BBC20B5507700E14485 /* Assets.xcassets */ = {isa = PBXFileReference; lastKnownFileType = folder.assetcatalog; path = Assets.xcassets; sourceTree = "<group>"; };
		8D6D2BBE20B55E5300E14485 /* ASP_Swift-Bridging-Header.h */ = {isa = PBXFileReference; lastKnownFileType = sourcecode.c.h; path = "ASP_Swift-Bridging-Header.h"; sourceTree = "<group>"; };
		8D6D2BC520B570F200E14485 /* MainTabBarController.swift */ = {isa = PBXFileReference; lastKnownFileType = sourcecode.swift; path = MainTabBarController.swift; sourceTree = "<group>"; };
		CA275731BC7F07907AB55769 /* Pods-ASP_Swift.release.xcconfig */ = {isa = PBXFileReference; includeInIndex = 1; lastKnownFileType = text.xcconfig; name = "Pods-ASP_Swift.release.xcconfig"; path = "Pods/Target Support Files/Pods-ASP_Swift/Pods-ASP_Swift.release.xcconfig"; sourceTree = "<group>"; };
/* End PBXFileReference section */

/* Begin PBXFrameworksBuildPhase section */
		8D45062E20B530AE00807F04 /* Frameworks */ = {
			isa = PBXFrameworksBuildPhase;
			buildActionMask = 2147483647;
			files = (
				ED1D52FD92C61AE6B26F6CC0 /* Pods_ASP_Swift.framework in Frameworks */,
			);
			runOnlyForDeploymentPostprocessing = 0;
		};
		8D45064420B530AF00807F04 /* Frameworks */ = {
			isa = PBXFrameworksBuildPhase;
			buildActionMask = 2147483647;
			files = (
			);
			runOnlyForDeploymentPostprocessing = 0;
		};
		8D45064F20B530AF00807F04 /* Frameworks */ = {
			isa = PBXFrameworksBuildPhase;
			buildActionMask = 2147483647;
			files = (
			);
			runOnlyForDeploymentPostprocessing = 0;
		};
/* End PBXFrameworksBuildPhase section */

/* Begin PBXGroup section */
		621BA16DFD74FB98C17A3EEE /* Frameworks */ = {
			isa = PBXGroup;
			children = (
				105A4E496E804E1509FA74C4 /* Pods_ASP_Swift.framework */,
			);
			name = Frameworks;
			sourceTree = "<group>";
		};
		8D45062820B530AE00807F04 = {
			isa = PBXGroup;
			children = (
				8D6D2BBE20B55E5300E14485 /* ASP_Swift-Bridging-Header.h */,
				8D6D2BC220B55E9200E14485 /* Tools */,
				8D45063320B530AE00807F04 /* ASP_Swift */,
				8D45064A20B530AF00807F04 /* ASP_SwiftTests */,
				8D45065520B530AF00807F04 /* ASP_SwiftUITests */,
				8D45063220B530AE00807F04 /* Products */,
				998E1292881C05583B0F9FA5 /* Pods */,
				621BA16DFD74FB98C17A3EEE /* Frameworks */,
			);
			sourceTree = "<group>";
		};
		8D45063220B530AE00807F04 /* Products */ = {
			isa = PBXGroup;
			children = (
				8D45063120B530AE00807F04 /* ASP_Swift.app */,
				8D45064720B530AF00807F04 /* ASP_SwiftTests.xctest */,
				8D45065220B530AF00807F04 /* ASP_SwiftUITests.xctest */,
			);
			name = Products;
			sourceTree = "<group>";
		};
		8D45063320B530AE00807F04 /* ASP_Swift */ = {
			isa = PBXGroup;
			children = (
				8D45063420B530AE00807F04 /* AppDelegate.swift */,
				8D45063A20B530AE00807F04 /* Main.storyboard */,
				8D6D2BC520B570F200E14485 /* MainTabBarController.swift */,
				8D6D2BB320B54D0500E14485 /* Guiding */,
				8D6D2BAE20B54C6700E14485 /* LoginAndRegister */,
				8D6D2BAF20B54C8700E14485 /* ShouYe */,
				8D6D2BB020B54CC100E14485 /* RenMaiQuan */,
				8D6D2BB120B54CE400E14485 /* JieShuaiDan */,
				8D6D2BB220B54CFA00E14485 /* Mine */,
				8D45063F20B530AF00807F04 /* LaunchScreen.storyboard */,
				8D45064220B530AF00807F04 /* Info.plist */,
				8D6D2BBC20B5507700E14485 /* Assets.xcassets */,
			);
			path = ASP_Swift;
			sourceTree = "<group>";
		};
		8D45064A20B530AF00807F04 /* ASP_SwiftTests */ = {
			isa = PBXGroup;
			children = (
				8D45064B20B530AF00807F04 /* ASP_SwiftTests.swift */,
				8D45064D20B530AF00807F04 /* Info.plist */,
			);
			path = ASP_SwiftTests;
			sourceTree = "<group>";
		};
		8D45065520B530AF00807F04 /* ASP_SwiftUITests */ = {
			isa = PBXGroup;
			children = (
				8D45065620B530AF00807F04 /* ASP_SwiftUITests.swift */,
				8D45065820B530AF00807F04 /* Info.plist */,
			);
			path = ASP_SwiftUITests;
			sourceTree = "<group>";
		};
		8D6D2BAE20B54C6700E14485 /* LoginAndRegister */ = {
			isa = PBXGroup;
			children = (
			);
			path = LoginAndRegister;
			sourceTree = "<group>";
		};
		8D6D2BAF20B54C8700E14485 /* ShouYe */ = {
			isa = PBXGroup;
			children = (
				8D6D2BB420B54E6100E14485 /* ShouYeViewController.swift */,
			);
			path = ShouYe;
			sourceTree = "<group>";
		};
		8D6D2BB020B54CC100E14485 /* RenMaiQuan */ = {
			isa = PBXGroup;
			children = (
				8D6D2BB620B54E7700E14485 /* RenMaiQuanViewController.swift */,
			);
			path = RenMaiQuan;
			sourceTree = "<group>";
		};
		8D6D2BB120B54CE400E14485 /* JieShuaiDan */ = {
			isa = PBXGroup;
			children = (
				8D6D2BB820B54ED200E14485 /* JisShuaiDanViewController.swift */,
			);
			path = JieShuaiDan;
			sourceTree = "<group>";
		};
		8D6D2BB220B54CFA00E14485 /* Mine */ = {
			isa = PBXGroup;
			children = (
				8D6D2BBA20B54F1900E14485 /* MineViewController.swift */,
			);
			path = Mine;
			sourceTree = "<group>";
		};
		8D6D2BB320B54D0500E14485 /* Guiding */ = {
			isa = PBXGroup;
			children = (
			);
			path = Guiding;
			sourceTree = "<group>";
		};
		8D6D2BC220B55E9200E14485 /* Tools */ = {
			isa = PBXGroup;
			children = (
				8D6D2BC420B55EB700E14485 /* DataBase */,
				8D6D2BC320B55EA800E14485 /* NetWorking */,
			);
			path = Tools;
			sourceTree = "<group>";
		};
		8D6D2BC320B55EA800E14485 /* NetWorking */ = {
			isa = PBXGroup;
			children = (
			);
			path = NetWorking;
			sourceTree = "<group>";
		};
		8D6D2BC420B55EB700E14485 /* DataBase */ = {
			isa = PBXGroup;
			children = (
			);
			path = DataBase;
			sourceTree = "<group>";
		};
		998E1292881C05583B0F9FA5 /* Pods */ = {
			isa = PBXGroup;
			children = (
				3F4C7EAF1FAB06C83F9B1A0C /* Pods-ASP_Swift.debug.xcconfig */,
				CA275731BC7F07907AB55769 /* Pods-ASP_Swift.release.xcconfig */,
			);
			name = Pods;
			sourceTree = "<group>";
		};
/* End PBXGroup section */

/* Begin PBXNativeTarget section */
		8D45063020B530AE00807F04 /* ASP_Swift */ = {
			isa = PBXNativeTarget;
			buildConfigurationList = 8D45065B20B530AF00807F04 /* Build configuration list for PBXNativeTarget "ASP_Swift" */;
			buildPhases = (
				1D7E2A4DC4D2BB07F17BE08A /* [CP] Check Pods Manifest.lock */,
				8D45062D20B530AE00807F04 /* Sources */,
				8D45062E20B530AE00807F04 /* Frameworks */,
				8D45062F20B530AE00807F04 /* Resources */,
				7FC65EBB0583F8E3415118A1 /* [CP] Embed Pods Frameworks */,
			);
			buildRules = (
			);
			dependencies = (
			);
			name = ASP_Swift;
			productName = ASP_Swift;
			productReference = 8D45063120B530AE00807F04 /* ASP_Swift.app */;
			productType = "com.apple.product-type.application";
		};
		8D45064620B530AF00807F04 /* ASP_SwiftTests */ = {
			isa = PBXNativeTarget;
			buildConfigurationList = 8D45065E20B530AF00807F04 /* Build configuration list for PBXNativeTarget "ASP_SwiftTests" */;
			buildPhases = (
				8D45064320B530AF00807F04 /* Sources */,
				8D45064420B530AF00807F04 /* Frameworks */,
				8D45064520B530AF00807F04 /* Resources */,
			);
			buildRules = (
			);
			dependencies = (
				8D45064920B530AF00807F04 /* PBXTargetDependency */,
			);
			name = ASP_SwiftTests;
			productName = ASP_SwiftTests;
			productReference = 8D45064720B530AF00807F04 /* ASP_SwiftTests.xctest */;
			productType = "com.apple.product-type.bundle.unit-test";
		};
		8D45065120B530AF00807F04 /* ASP_SwiftUITests */ = {
			isa = PBXNativeTarget;
			buildConfigurationList = 8D45066120B530AF00807F04 /* Build configuration list for PBXNativeTarget "ASP_SwiftUITests" */;
			buildPhases = (
				8D45064E20B530AF00807F04 /* Sources */,
				8D45064F20B530AF00807F04 /* Frameworks */,
				8D45065020B530AF00807F04 /* Resources */,
			);
			buildRules = (
			);
			dependencies = (
				8D45065420B530AF00807F04 /* PBXTargetDependency */,
			);
			name = ASP_SwiftUITests;
			productName = ASP_SwiftUITests;
			productReference = 8D45065220B530AF00807F04 /* ASP_SwiftUITests.xctest */;
			productType = "com.apple.product-type.bundle.ui-testing";
		};
/* End PBXNativeTarget section */

/* Begin PBXProject section */
		8D45062920B530AE00807F04 /* Project object */ = {
			isa = PBXProject;
			attributes = {
				LastSwiftUpdateCheck = 0930;
				LastUpgradeCheck = 0930;
				ORGANIZATIONNAME = "赵兵";
				TargetAttributes = {
					8D45063020B530AE00807F04 = {
						CreatedOnToolsVersion = 9.3.1;
						LastSwiftMigration = 0930;
					};
					8D45064620B530AF00807F04 = {
						CreatedOnToolsVersion = 9.3.1;
						TestTargetID = 8D45063020B530AE00807F04;
					};
					8D45065120B530AF00807F04 = {
						CreatedOnToolsVersion = 9.3.1;
						TestTargetID = 8D45063020B530AE00807F04;
					};
				};
			};
			buildConfigurationList = 8D45062C20B530AE00807F04 /* Build configuration list for PBXProject "ASP_Swift" */;
			compatibilityVersion = "Xcode 9.3";
			developmentRegion = en;
			hasScannedForEncodings = 0;
			knownRegions = (
				en,
				Base,
			);
			mainGroup = 8D45062820B530AE00807F04;
			productRefGroup = 8D45063220B530AE00807F04 /* Products */;
			projectDirPath = "";
			projectRoot = "";
			targets = (
				8D45063020B530AE00807F04 /* ASP_Swift */,
				8D45064620B530AF00807F04 /* ASP_SwiftTests */,
				8D45065120B530AF00807F04 /* ASP_SwiftUITests */,
			);
		};
/* End PBXProject section */

/* Begin PBXResourcesBuildPhase section */
		8D45062F20B530AE00807F04 /* Resources */ = {
			isa = PBXResourcesBuildPhase;
			buildActionMask = 2147483647;
			files = (
				8D45064120B530AF00807F04 /* LaunchScreen.storyboard in Resources */,
				8D6D2BBD20B5507700E14485 /* Assets.xcassets in Resources */,
				8D45063C20B530AE00807F04 /* Main.storyboard in Resources */,
			);
			runOnlyForDeploymentPostprocessing = 0;
		};
		8D45064520B530AF00807F04 /* Resources */ = {
			isa = PBXResourcesBuildPhase;
			buildActionMask = 2147483647;
			files = (
			);
			runOnlyForDeploymentPostprocessing = 0;
		};
		8D45065020B530AF00807F04 /* Resources */ = {
			isa = PBXResourcesBuildPhase;
			buildActionMask = 2147483647;
			files = (
			);
			runOnlyForDeploymentPostprocessing = 0;
		};
/* End PBXResourcesBuildPhase section */

/* Begin PBXShellScriptBuildPhase section */
		1D7E2A4DC4D2BB07F17BE08A /* [CP] Check Pods Manifest.lock */ = {
			isa = PBXShellScriptBuildPhase;
			buildActionMask = 2147483647;
			files = (
			);
			inputPaths = (
				"${PODS_PODFILE_DIR_PATH}/Podfile.lock",
				"${PODS_ROOT}/Manifest.lock",
			);
			name = "[CP] Check Pods Manifest.lock";
			outputPaths = (
				"$(DERIVED_FILE_DIR)/Pods-ASP_Swift-checkManifestLockResult.txt",
			);
			runOnlyForDeploymentPostprocessing = 0;
			shellPath = /bin/sh;
			shellScript = "diff \"${PODS_PODFILE_DIR_PATH}/Podfile.lock\" \"${PODS_ROOT}/Manifest.lock\" > /dev/null\nif [ $? != 0 ] ; then\n    # print error to STDERR\n    echo \"error: The sandbox is not in sync with the Podfile.lock. Run 'pod install' or update your CocoaPods installation.\" >&2\n    exit 1\nfi\n# This output is used by Xcode 'outputs' to avoid re-running this script phase.\necho \"SUCCESS\" > \"${SCRIPT_OUTPUT_FILE_0}\"\n";
			showEnvVarsInLog = 0;
		};
		7FC65EBB0583F8E3415118A1 /* [CP] Embed Pods Frameworks */ = {
			isa = PBXShellScriptBuildPhase;
			buildActionMask = 2147483647;
			files = (
			);
			inputPaths = (
				"${SRCROOT}/Pods/Target Support Files/Pods-ASP_Swift/Pods-ASP_Swift-frameworks.sh",
				"${BUILT_PRODUCTS_DIR}/AFNetworking/AFNetworking.framework",
				"${BUILT_PRODUCTS_DIR}/CYLTabBarController/CYLTabBarController.framework",
				"${BUILT_PRODUCTS_DIR}/DateTools/DateTools.framework",
				"${BUILT_PRODUCTS_DIR}/IQKeyboardManager/IQKeyboardManager.framework",
				"${BUILT_PRODUCTS_DIR}/KMNavigationBarTransition/KMNavigationBarTransition.framework",
				"${BUILT_PRODUCTS_DIR}/MTBBarcodeScanner/MTBBarcodeScanner.framework",
				"${BUILT_PRODUCTS_DIR}/PGDatePicker/PGDatePicker.framework",
				"${BUILT_PRODUCTS_DIR}/PGPickerView/PGPickerView.framework",
				"${BUILT_PRODUCTS_DIR}/SDWebImage/SDWebImage.framework",
				"${BUILT_PRODUCTS_DIR}/SQLite.swift/SQLite.framework",
				"${BUILT_PRODUCTS_DIR}/SVProgressHUD/SVProgressHUD.framework",
				"${BUILT_PRODUCTS_DIR}/SwiftyJSON/SwiftyJSON.framework",
				"${BUILT_PRODUCTS_DIR}/YYKit/YYKit.framework",
			);
			name = "[CP] Embed Pods Frameworks";
			outputPaths = (
				"${TARGET_BUILD_DIR}/${FRAMEWORKS_FOLDER_PATH}/AFNetworking.framework",
				"${TARGET_BUILD_DIR}/${FRAMEWORKS_FOLDER_PATH}/CYLTabBarController.framework",
				"${TARGET_BUILD_DIR}/${FRAMEWORKS_FOLDER_PATH}/DateTools.framework",
				"${TARGET_BUILD_DIR}/${FRAMEWORKS_FOLDER_PATH}/IQKeyboardManager.framework",
				"${TARGET_BUILD_DIR}/${FRAMEWORKS_FOLDER_PATH}/KMNavigationBarTransition.framework",
				"${TARGET_BUILD_DIR}/${FRAMEWORKS_FOLDER_PATH}/MTBBarcodeScanner.framework",
				"${TARGET_BUILD_DIR}/${FRAMEWORKS_FOLDER_PATH}/PGDatePicker.framework",
				"${TARGET_BUILD_DIR}/${FRAMEWORKS_FOLDER_PATH}/PGPickerView.framework",
				"${TARGET_BUILD_DIR}/${FRAMEWORKS_FOLDER_PATH}/SDWebImage.framework",
				"${TARGET_BUILD_DIR}/${FRAMEWORKS_FOLDER_PATH}/SQLite.framework",
				"${TARGET_BUILD_DIR}/${FRAMEWORKS_FOLDER_PATH}/SVProgressHUD.framework",
				"${TARGET_BUILD_DIR}/${FRAMEWORKS_FOLDER_PATH}/SwiftyJSON.framework",
				"${TARGET_BUILD_DIR}/${FRAMEWORKS_FOLDER_PATH}/YYKit.framework",
			);
			runOnlyForDeploymentPostprocessing = 0;
			shellPath = /bin/sh;
			shellScript = "\"${SRCROOT}/Pods/Target Support Files/Pods-ASP_Swift/Pods-ASP_Swift-frameworks.sh\"\n";
			showEnvVarsInLog = 0;
		};
/* End PBXShellScriptBuildPhase section */

/* Begin PBXSourcesBuildPhase section */
		8D45062D20B530AE00807F04 /* Sources */ = {
			isa = PBXSourcesBuildPhase;
			buildActionMask = 2147483647;
			files = (
				8D6D2BB920B54ED200E14485 /* JisShuaiDanViewController.swift in Sources */,
				8D6D2BB720B54E7700E14485 /* RenMaiQuanViewController.swift in Sources */,
				8D6D2BC620B570F200E14485 /* MainTabBarController.swift in Sources */,
				8D45063520B530AE00807F04 /* AppDelegate.swift in Sources */,
				8D6D2BB520B54E6100E14485 /* ShouYeViewController.swift in Sources */,
				8D6D2BBB20B54F1900E14485 /* MineViewController.swift in Sources */,
			);
			runOnlyForDeploymentPostprocessing = 0;
		};
		8D45064320B530AF00807F04 /* Sources */ = {
			isa = PBXSourcesBuildPhase;
			buildActionMask = 2147483647;
			files = (
				8D45064C20B530AF00807F04 /* ASP_SwiftTests.swift in Sources */,
			);
			runOnlyForDeploymentPostprocessing = 0;
		};
		8D45064E20B530AF00807F04 /* Sources */ = {
			isa = PBXSourcesBuildPhase;
			buildActionMask = 2147483647;
			files = (
				8D45065720B530AF00807F04 /* ASP_SwiftUITests.swift in Sources */,
			);
			runOnlyForDeploymentPostprocessing = 0;
		};
/* End PBXSourcesBuildPhase section */

/* Begin PBXTargetDependency section */
		8D45064920B530AF00807F04 /* PBXTargetDependency */ = {
			isa = PBXTargetDependency;
			target = 8D45063020B530AE00807F04 /* ASP_Swift */;
			targetProxy = 8D45064820B530AF00807F04 /* PBXContainerItemProxy */;
		};
		8D45065420B530AF00807F04 /* PBXTargetDependency */ = {
			isa = PBXTargetDependency;
			target = 8D45063020B530AE00807F04 /* ASP_Swift */;
			targetProxy = 8D45065320B530AF00807F04 /* PBXContainerItemProxy */;
		};
/* End PBXTargetDependency section */

/* Begin PBXVariantGroup section */
		8D45063A20B530AE00807F04 /* Main.storyboard */ = {
			isa = PBXVariantGroup;
			children = (
				8D45063B20B530AE00807F04 /* Base */,
			);
			name = Main.storyboard;
			sourceTree = "<group>";
		};
		8D45063F20B530AF00807F04 /* LaunchScreen.storyboard */ = {
			isa = PBXVariantGroup;
			children = (
				8D45064020B530AF00807F04 /* Base */,
			);
			name = LaunchScreen.storyboard;
			sourceTree = "<group>";
		};
/* End PBXVariantGroup section */

/* Begin XCBuildConfiguration section */
		8D45065920B530AF00807F04 /* Debug */ = {
			isa = XCBuildConfiguration;
			buildSettings = {
				ALWAYS_SEARCH_USER_PATHS = NO;
				CLANG_ANALYZER_NONNULL = YES;
				CLANG_ANALYZER_NUMBER_OBJECT_CONVERSION = YES_AGGRESSIVE;
				CLANG_CXX_LANGUAGE_STANDARD = "gnu++14";
				CLANG_CXX_LIBRARY = "libc++";
				CLANG_ENABLE_MODULES = YES;
				CLANG_ENABLE_OBJC_ARC = YES;
				CLANG_ENABLE_OBJC_WEAK = YES;
				CLANG_WARN_BLOCK_CAPTURE_AUTORELEASING = YES;
				CLANG_WARN_BOOL_CONVERSION = YES;
				CLANG_WARN_COMMA = YES;
				CLANG_WARN_CONSTANT_CONVERSION = YES;
				CLANG_WARN_DEPRECATED_OBJC_IMPLEMENTATIONS = YES;
				CLANG_WARN_DIRECT_OBJC_ISA_USAGE = YES_ERROR;
				CLANG_WARN_DOCUMENTATION_COMMENTS = YES;
				CLANG_WARN_EMPTY_BODY = YES;
				CLANG_WARN_ENUM_CONVERSION = YES;
				CLANG_WARN_INFINITE_RECURSION = YES;
				CLANG_WARN_INT_CONVERSION = YES;
				CLANG_WARN_NON_LITERAL_NULL_CONVERSION = YES;
				CLANG_WARN_OBJC_IMPLICIT_RETAIN_SELF = YES;
				CLANG_WARN_OBJC_LITERAL_CONVERSION = YES;
				CLANG_WARN_OBJC_ROOT_CLASS = YES_ERROR;
				CLANG_WARN_RANGE_LOOP_ANALYSIS = YES;
				CLANG_WARN_STRICT_PROTOTYPES = YES;
				CLANG_WARN_SUSPICIOUS_MOVE = YES;
				CLANG_WARN_UNGUARDED_AVAILABILITY = YES_AGGRESSIVE;
				CLANG_WARN_UNREACHABLE_CODE = YES;
				CLANG_WARN__DUPLICATE_METHOD_MATCH = YES;
				CODE_SIGN_IDENTITY = "iPhone Developer";
				COPY_PHASE_STRIP = NO;
				DEBUG_INFORMATION_FORMAT = dwarf;
				ENABLE_STRICT_OBJC_MSGSEND = YES;
				ENABLE_TESTABILITY = YES;
				GCC_C_LANGUAGE_STANDARD = gnu11;
				GCC_DYNAMIC_NO_PIC = NO;
				GCC_NO_COMMON_BLOCKS = YES;
				GCC_OPTIMIZATION_LEVEL = 0;
				GCC_PREPROCESSOR_DEFINITIONS = (
					"DEBUG=1",
					"$(inherited)",
				);
				GCC_WARN_64_TO_32_BIT_CONVERSION = YES;
				GCC_WARN_ABOUT_RETURN_TYPE = YES_ERROR;
				GCC_WARN_UNDECLARED_SELECTOR = YES;
				GCC_WARN_UNINITIALIZED_AUTOS = YES_AGGRESSIVE;
				GCC_WARN_UNUSED_FUNCTION = YES;
				GCC_WARN_UNUSED_VARIABLE = YES;
				IPHONEOS_DEPLOYMENT_TARGET = 9.0;
				MTL_ENABLE_DEBUG_INFO = YES;
				ONLY_ACTIVE_ARCH = YES;
				SDKROOT = iphoneos;
				SWIFT_ACTIVE_COMPILATION_CONDITIONS = DEBUG;
				SWIFT_OPTIMIZATION_LEVEL = "-Onone";
			};
			name = Debug;
		};
		8D45065A20B530AF00807F04 /* Release */ = {
			isa = XCBuildConfiguration;
			buildSettings = {
				ALWAYS_SEARCH_USER_PATHS = NO;
				CLANG_ANALYZER_NONNULL = YES;
				CLANG_ANALYZER_NUMBER_OBJECT_CONVERSION = YES_AGGRESSIVE;
				CLANG_CXX_LANGUAGE_STANDARD = "gnu++14";
				CLANG_CXX_LIBRARY = "libc++";
				CLANG_ENABLE_MODULES = YES;
				CLANG_ENABLE_OBJC_ARC = YES;
				CLANG_ENABLE_OBJC_WEAK = YES;
				CLANG_WARN_BLOCK_CAPTURE_AUTORELEASING = YES;
				CLANG_WARN_BOOL_CONVERSION = YES;
				CLANG_WARN_COMMA = YES;
				CLANG_WARN_CONSTANT_CONVERSION = YES;
				CLANG_WARN_DEPRECATED_OBJC_IMPLEMENTATIONS = YES;
				CLANG_WARN_DIRECT_OBJC_ISA_USAGE = YES_ERROR;
				CLANG_WARN_DOCUMENTATION_COMMENTS = YES;
				CLANG_WARN_EMPTY_BODY = YES;
				CLANG_WARN_ENUM_CONVERSION = YES;
				CLANG_WARN_INFINITE_RECURSION = YES;
				CLANG_WARN_INT_CONVERSION = YES;
				CLANG_WARN_NON_LITERAL_NULL_CONVERSION = YES;
				CLANG_WARN_OBJC_IMPLICIT_RETAIN_SELF = YES;
				CLANG_WARN_OBJC_LITERAL_CONVERSION = YES;
				CLANG_WARN_OBJC_ROOT_CLASS = YES_ERROR;
				CLANG_WARN_RANGE_LOOP_ANALYSIS = YES;
				CLANG_WARN_STRICT_PROTOTYPES = YES;
				CLANG_WARN_SUSPICIOUS_MOVE = YES;
				CLANG_WARN_UNGUARDED_AVAILABILITY = YES_AGGRESSIVE;
				CLANG_WARN_UNREACHABLE_CODE = YES;
				CLANG_WARN__DUPLICATE_METHOD_MATCH = YES;
				CODE_SIGN_IDENTITY = "iPhone Developer";
				COPY_PHASE_STRIP = NO;
				DEBUG_INFORMATION_FORMAT = "dwarf-with-dsym";
				ENABLE_NS_ASSERTIONS = NO;
				ENABLE_STRICT_OBJC_MSGSEND = YES;
				GCC_C_LANGUAGE_STANDARD = gnu11;
				GCC_NO_COMMON_BLOCKS = YES;
				GCC_WARN_64_TO_32_BIT_CONVERSION = YES;
				GCC_WARN_ABOUT_RETURN_TYPE = YES_ERROR;
				GCC_WARN_UNDECLARED_SELECTOR = YES;
				GCC_WARN_UNINITIALIZED_AUTOS = YES_AGGRESSIVE;
				GCC_WARN_UNUSED_FUNCTION = YES;
				GCC_WARN_UNUSED_VARIABLE = YES;
				IPHONEOS_DEPLOYMENT_TARGET = 9.0;
				MTL_ENABLE_DEBUG_INFO = NO;
				SDKROOT = iphoneos;
				SWIFT_COMPILATION_MODE = wholemodule;
				SWIFT_OPTIMIZATION_LEVEL = "-O";
				VALIDATE_PRODUCT = YES;
			};
			name = Release;
		};
		8D45065C20B530AF00807F04 /* Debug */ = {
			isa = XCBuildConfiguration;
			baseConfigurationReference = 3F4C7EAF1FAB06C83F9B1A0C /* Pods-ASP_Swift.debug.xcconfig */;
			buildSettings = {
				ASSETCATALOG_COMPILER_APPICON_NAME = AppIcon;
				CLANG_ENABLE_MODULES = YES;
				CODE_SIGN_STYLE = Automatic;
				DEVELOPMENT_TEAM = R77Y7S25Y8;
				INFOPLIST_FILE = ASP_Swift/Info.plist;
				IPHONEOS_DEPLOYMENT_TARGET = 10.0;
				LD_RUNPATH_SEARCH_PATHS = (
					"$(inherited)",
					"@executable_path/Frameworks",
				);
				PRODUCT_BUNDLE_IDENTIFIER = "zb.ASP-Swift";
				PRODUCT_NAME = "$(TARGET_NAME)";
				SWIFT_OBJC_BRIDGING_HEADER = "ASP_Swift-Bridging-Header.h";
				SWIFT_OPTIMIZATION_LEVEL = "-Onone";
				SWIFT_VERSION = 4.0;
				TARGETED_DEVICE_FAMILY = 1;
			};
			name = Debug;
		};
		8D45065D20B530AF00807F04 /* Release */ = {
			isa = XCBuildConfiguration;
			baseConfigurationReference = CA275731BC7F07907AB55769 /* Pods-ASP_Swift.release.xcconfig */;
			buildSettings = {
				ASSETCATALOG_COMPILER_APPICON_NAME = AppIcon;
				CLANG_ENABLE_MODULES = YES;
				CODE_SIGN_STYLE = Automatic;
				DEVELOPMENT_TEAM = R77Y7S25Y8;
				INFOPLIST_FILE = ASP_Swift/Info.plist;
				IPHONEOS_DEPLOYMENT_TARGET = 10.0;
				LD_RUNPATH_SEARCH_PATHS = (
					"$(inherited)",
					"@executable_path/Frameworks",
				);
				PRODUCT_BUNDLE_IDENTIFIER = "zb.ASP-Swift";
				PRODUCT_NAME = "$(TARGET_NAME)";
				SWIFT_OBJC_BRIDGING_HEADER = "ASP_Swift-Bridging-Header.h";
				SWIFT_VERSION = 4.0;
				TARGETED_DEVICE_FAMILY = 1;
			};
			name = Release;
		};
		8D45065F20B530AF00807F04 /* Debug */ = {
			isa = XCBuildConfiguration;
			buildSettings = {
				ALWAYS_EMBED_SWIFT_STANDARD_LIBRARIES = YES;
				BUNDLE_LOADER = "$(TEST_HOST)";
				CODE_SIGN_STYLE = Automatic;
				DEVELOPMENT_TEAM = R77Y7S25Y8;
				INFOPLIST_FILE = ASP_SwiftTests/Info.plist;
				LD_RUNPATH_SEARCH_PATHS = (
					"$(inherited)",
					"@executable_path/Frameworks",
					"@loader_path/Frameworks",
				);
				PRODUCT_BUNDLE_IDENTIFIER = "zb.ASP-SwiftTests";
				PRODUCT_NAME = "$(TARGET_NAME)";
				SWIFT_VERSION = 4.0;
				TARGETED_DEVICE_FAMILY = "1,2";
				TEST_HOST = "$(BUILT_PRODUCTS_DIR)/ASP_Swift.app/ASP_Swift";
			};
			name = Debug;
		};
		8D45066020B530AF00807F04 /* Release */ = {
			isa = XCBuildConfiguration;
			buildSettings = {
				ALWAYS_EMBED_SWIFT_STANDARD_LIBRARIES = YES;
				BUNDLE_LOADER = "$(TEST_HOST)";
				CODE_SIGN_STYLE = Automatic;
				DEVELOPMENT_TEAM = R77Y7S25Y8;
				INFOPLIST_FILE = ASP_SwiftTests/Info.plist;
				LD_RUNPATH_SEARCH_PATHS = (
					"$(inherited)",
					"@executable_path/Frameworks",
					"@loader_path/Frameworks",
				);
				PRODUCT_BUNDLE_IDENTIFIER = "zb.ASP-SwiftTests";
				PRODUCT_NAME = "$(TARGET_NAME)";
				SWIFT_VERSION = 4.0;
				TARGETED_DEVICE_FAMILY = "1,2";
				TEST_HOST = "$(BUILT_PRODUCTS_DIR)/ASP_Swift.app/ASP_Swift";
			};
			name = Release;
		};
		8D45066220B530AF00807F04 /* Debug */ = {
			isa = XCBuildConfiguration;
			buildSettings = {
				ALWAYS_EMBED_SWIFT_STANDARD_LIBRARIES = YES;
				CODE_SIGN_STYLE = Automatic;
				DEVELOPMENT_TEAM = R77Y7S25Y8;
				INFOPLIST_FILE = ASP_SwiftUITests/Info.plist;
				LD_RUNPATH_SEARCH_PATHS = (
					"$(inherited)",
					"@executable_path/Frameworks",
					"@loader_path/Frameworks",
				);
				PRODUCT_BUNDLE_IDENTIFIER = "zb.ASP-SwiftUITests";
				PRODUCT_NAME = "$(TARGET_NAME)";
				SWIFT_VERSION = 4.0;
				TARGETED_DEVICE_FAMILY = "1,2";
				TEST_TARGET_NAME = ASP_Swift;
			};
			name = Debug;
		};
		8D45066320B530AF00807F04 /* Release */ = {
			isa = XCBuildConfiguration;
			buildSettings = {
				ALWAYS_EMBED_SWIFT_STANDARD_LIBRARIES = YES;
				CODE_SIGN_STYLE = Automatic;
				DEVELOPMENT_TEAM = R77Y7S25Y8;
				INFOPLIST_FILE = ASP_SwiftUITests/Info.plist;
				LD_RUNPATH_SEARCH_PATHS = (
					"$(inherited)",
					"@executable_path/Frameworks",
					"@loader_path/Frameworks",
				);
				PRODUCT_BUNDLE_IDENTIFIER = "zb.ASP-SwiftUITests";
				PRODUCT_NAME = "$(TARGET_NAME)";
				SWIFT_VERSION = 4.0;
				TARGETED_DEVICE_FAMILY = "1,2";
				TEST_TARGET_NAME = ASP_Swift;
			};
			name = Release;
		};
/* End XCBuildConfiguration section */

/* Begin XCConfigurationList section */
		8D45062C20B530AE00807F04 /* Build configuration list for PBXProject "ASP_Swift" */ = {
			isa = XCConfigurationList;
			buildConfigurations = (
				8D45065920B530AF00807F04 /* Debug */,
				8D45065A20B530AF00807F04 /* Release */,
			);
			defaultConfigurationIsVisible = 0;
			defaultConfigurationName = Release;
		};
		8D45065B20B530AF00807F04 /* Build configuration list for PBXNativeTarget "ASP_Swift" */ = {
			isa = XCConfigurationList;
			buildConfigurations = (
				8D45065C20B530AF00807F04 /* Debug */,
				8D45065D20B530AF00807F04 /* Release */,
			);
			defaultConfigurationIsVisible = 0;
			defaultConfigurationName = Release;
		};
		8D45065E20B530AF00807F04 /* Build configuration list for PBXNativeTarget "ASP_SwiftTests" */ = {
			isa = XCConfigurationList;
			buildConfigurations = (
				8D45065F20B530AF00807F04 /* Debug */,
				8D45066020B530AF00807F04 /* Release */,
			);
			defaultConfigurationIsVisible = 0;
			defaultConfigurationName = Release;
		};
		8D45066120B530AF00807F04 /* Build configuration list for PBXNativeTarget "ASP_SwiftUITests" */ = {
			isa = XCConfigurationList;
			buildConfigurations = (
				8D45066220B530AF00807F04 /* Debug */,
				8D45066320B530AF00807F04 /* Release */,
			);
			defaultConfigurationIsVisible = 0;
			defaultConfigurationName = Release;
		};
/* End XCConfigurationList section */
	};
	rootObject = 8D45062920B530AE00807F04 /* Project object */;
}
